Microsoft Visual Studio Solution File, Format Version 11.00
# Visual Studio 2008

Project("{AB668FB1-7165-C1F7-01B6-C628DB7CF49C}") = "SuperAwesomeProject", "Assembly-CSharp-firstpass.csproj", "{C9233EE4-F651-C83E-0D2F-D291C3E6102A}"
EndProject
Project("{AB668FB1-7165-C1F7-01B6-C628DB7CF49C}") = "SuperAwesomeProject", "Assembly-CSharp.csproj", "{B1EC83F5-2121-32D4-CEC0-ADA906F476EC}"
EndProject
Project("{AB668FB1-7165-C1F7-01B6-C628DB7CF49C}") = "SuperAwesomeProject", "Assembly-UnityScript-firstpass.unityproj", "{A1B6F69C-BF9B-3DF4-F037-D716D8AC98C3}"
EndProject
Project("{AB668FB1-7165-C1F7-01B6-C628DB7CF49C}") = "SuperAwesomeProject", "Assembly-UnityScript.unityproj", "{58BB39F1-729B-E913-D6F8-550E1FE14C9A}"
EndProject
Global
	GlobalSection(SolutionConfigurationPlatforms) = preSolution
		Debug|Any CPU = Debug|Any CPU
		Release|Any CPU = Release|Any CPU
	EndGlobalSection
	GlobalSection(ProjectConfigurationPlatforms) = postSolution
		{C9233EE4-F651-C83E-0D2F-D291C3E6102A}.Debug|Any CPU.ActiveCfg = Debug|Any CPU
		{C9233EE4-F651-C83E-0D2F-D291C3E6102A}.Debug|Any CPU.Build.0 = Debug|Any CPU
		{C9233EE4-F651-C83E-0D2F-D291C3E6102A}.Release|Any CPU.ActiveCfg = Release|Any CPU
		{C9233EE4-F651-C83E-0D2F-D291C3E6102A}.Release|Any CPU.Build.0 = Release|Any CPU
		{B1EC83F5-2121-32D4-CEC0-ADA906F476EC}.Debug|Any CPU.ActiveCfg = Debug|Any CPU
		{B1EC83F5-2121-32D4-CEC0-ADA906F476EC}.Debug|Any CPU.Build.0 = Debug|Any CPU
		{B1EC83F5-2121-32D4-CEC0-ADA906F476EC}.Release|Any CPU.ActiveCfg = Release|Any CPU
		{B1EC83F5-2121-32D4-CEC0-ADA906F476EC}.Release|Any CPU.Build.0 = Release|Any CPU
		{A1B6F69C-BF9B-3DF4-F037-D716D8AC98C3}.Debug|Any CPU.ActiveCfg = Debug|Any CPU
		{A1B6F69C-BF9B-3DF4-F037-D716D8AC98C3}.Debug|Any CPU.Build.0 = Debug|Any CPU
		{A1B6F69C-BF9B-3DF4-F037-D716D8AC98C3}.Release|Any CPU.ActiveCfg = Release|Any CPU
		{A1B6F69C-BF9B-3DF4-F037-D716D8AC98C3}.Release|Any CPU.Build.0 = Release|Any CPU
		{58BB39F1-729B-E913-D6F8-550E1FE14C9A}.Debug|Any CPU.ActiveCfg = Debug|Any CPU
		{58BB39F1-729B-E913-D6F8-550E1FE14C9A}.Debug|Any CPU.Build.0 = Debug|Any CPU
		{58BB39F1-729B-E913-D6F8-550E1FE14C9A}.Release|Any CPU.ActiveCfg = Release|Any CPU
		{58BB39F1-729B-E913-D6F8-550E1FE14C9A}.Release|Any CPU.Build.0 = Release|Any CPU
	EndGlobalSection
	GlobalSection(SolutionProperties) = preSolution
		HideSolutionNode = FALSE
	EndGlobalSection
																														GlobalSection(MonoDevelopProperties) = preSolution
		StartupItem = Assembly-CSharp.csproj
		Policies = $0
		$0.TextStylePolicy = $1
		$1.inheritsSet = null
		$1.scope = text/x-csharp
		$0.CSharpFormattingPolicy = $2
		$2.inheritsSet = Mono
		$2.inheritsScope = text/x-csharp
		$2.scope = text/x-csharp
		$0.TextStylePolicy = $3
		$3.FileWidth = 120
		$3.TabWidth = 4
		$3.EolMarker = Unix
		$3.inheritsSet = Mono
		$3.inheritsScope = text/plain
		$3.scope = text/plain
	EndGlobalSection

EndGlobal
