Microsoft Visual Studio Solution File, Format Version 11.00
# Visual Studio 2008

Project("{AB668FB1-7165-C1F7-01B6-C628DB7CF49C}") = "SuperAwesomeProject", "Assembly-CSharp-firstpass-vs.csproj", "{C9233EE4-F651-C83E-0D2F-D291C3E6102A}"
EndProject
Project("{AB668FB1-7165-C1F7-01B6-C628DB7CF49C}") = "SuperAwesomeProject", "Assembly-CSharp-vs.csproj", "{B1EC83F5-2121-32D4-CEC0-ADA906F476EC}"
EndProject
Global
	GlobalSection(SolutionConfigurationPlatforms) = preSolution
		Debug|Any CPU = Debug|Any CPU
		Release|Any CPU = Release|Any CPU
	EndGlobalSection
	GlobalSection(ProjectConfigurationPlatforms) = postSolution
		{C9233EE4-F651-C83E-0D2F-D291C3E6102A}.Debug|Any CPU.ActiveCfg = Debug|Any CPU
		{C9233EE4-F651-C83E-0D2F-D291C3E6102A}.Debug|Any CPU.Build.0 = Debug|Any CPU
		{C9233EE4-F651-C83E-0D2F-D291C3E6102A}.Release|Any CPU.ActiveCfg = Release|Any CPU
		{C9233EE4-F651-C83E-0D2F-D291C3E6102A}.Release|Any CPU.Build.0 = Release|Any CPU
		{B1EC83F5-2121-32D4-CEC0-ADA906F476EC}.Debug|Any CPU.ActiveCfg = Debug|Any CPU
		{B1EC83F5-2121-32D4-CEC0-ADA906F476EC}.Debug|Any CPU.Build.0 = Debug|Any CPU
		{B1EC83F5-2121-32D4-CEC0-ADA906F476EC}.Release|Any CPU.ActiveCfg = Release|Any CPU
		{B1EC83F5-2121-32D4-CEC0-ADA906F476EC}.Release|Any CPU.Build.0 = Release|Any CPU
	EndGlobalSection
	GlobalSection(SolutionProperties) = preSolution
		HideSolutionNode = FALSE
	EndGlobalSection
																																														GlobalSection(MonoDevelopProperties) = preSolution
=======
																																GlobalSection(MonoDevelopProperties) = preSolution
>>>>>>> 2af8eb51917e7e989b06ecba0dbc4799ff59a315
=======
																																									GlobalSection(MonoDevelopProperties) = preSolution
>>>>>>> 643ebd150642e80ca95726b055e8080c90aaf6cf
		StartupItem = Assembly-CSharp.csproj
		Policies = $0
		$0.TextStylePolicy = $1
		$1.inheritsSet = null
		$1.scope = text/x-csharp
		$0.CSharpFormattingPolicy = $2
		$2.inheritsSet = Mono
		$2.inheritsScope = text/x-csharp
		$2.scope = text/x-csharp
		$0.TextStylePolicy = $3
		$3.FileWidth = 120
		$3.TabWidth = 4
		$3.EolMarker = Unix
		$3.inheritsSet = Mono
		$3.inheritsScope = text/plain
		$3.scope = text/plain
	EndGlobalSection

EndGlobal
